// !$*UTF8*$!
{
	archiveVersion = 1;
	classes = {
	};
	objectVersion = 46;
	objects = {

/* Begin PBXBuildFile section */
		AB5E629F1A85F77F00AA989D /* AppDelegate.swift in Sources */ = {isa = PBXBuildFile; fileRef = AB5E629E1A85F77F00AA989D /* AppDelegate.swift */; };
		AB5E62A11A85F77F00AA989D /* ViewController.swift in Sources */ = {isa = PBXBuildFile; fileRef = AB5E62A01A85F77F00AA989D /* ViewController.swift */; };
		AB5E62A41A85F77F00AA989D /* Main.storyboard in Resources */ = {isa = PBXBuildFile; fileRef = AB5E62A21A85F77F00AA989D /* Main.storyboard */; };
		AB5E62A61A85F77F00AA989D /* Images.xcassets in Resources */ = {isa = PBXBuildFile; fileRef = AB5E62A51A85F77F00AA989D /* Images.xcassets */; };
		AB5E62A91A85F77F00AA989D /* LaunchScreen.xib in Resources */ = {isa = PBXBuildFile; fileRef = AB5E62A71A85F77F00AA989D /* LaunchScreen.xib */; };
		AB5E62B51A85F77F00AA989D /* SpinningRefreshControlTests.swift in Sources */ = {isa = PBXBuildFile; fileRef = AB5E62B41A85F77F00AA989D /* SpinningRefreshControlTests.swift */; };
		AB5E62BF1A85F79400AA989D /* SpinningRefreshControl.swift in Sources */ = {isa = PBXBuildFile; fileRef = AB5E62BE1A85F79400AA989D /* SpinningRefreshControl.swift */; };
/* End PBXBuildFile section */

/* Begin PBXContainerItemProxy section */
		AB5E62AF1A85F77F00AA989D /* PBXContainerItemProxy */ = {
			isa = PBXContainerItemProxy;
			containerPortal = AB5E62911A85F77F00AA989D /* Project object */;
			proxyType = 1;
			remoteGlobalIDString = AB5E62981A85F77F00AA989D;
			remoteInfo = SpinningRefreshControl;
		};
/* End PBXContainerItemProxy section */

/* Begin PBXFileReference section */
		AB5E62991A85F77F00AA989D /* SpinningRefreshControl.app */ = {isa = PBXFileReference; explicitFileType = wrapper.application; includeInIndex = 0; path = SpinningRefreshControl.app; sourceTree = BUILT_PRODUCTS_DIR; };
		AB5E629D1A85F77F00AA989D /* Info.plist */ = {isa = PBXFileReference; lastKnownFileType = text.plist.xml; path = Info.plist; sourceTree = "<group>"; };
		AB5E629E1A85F77F00AA989D /* AppDelegate.swift */ = {isa = PBXFileReference; lastKnownFileType = sourcecode.swift; path = AppDelegate.swift; sourceTree = "<group>"; };
		AB5E62A01A85F77F00AA989D /* ViewController.swift */ = {isa = PBXFileReference; lastKnownFileType = sourcecode.swift; path = ViewController.swift; sourceTree = "<group>"; };
		AB5E62A31A85F77F00AA989D /* Base */ = {isa = PBXFileReference; lastKnownFileType = file.storyboard; name = Base; path = Base.lproj/Main.storyboard; sourceTree = "<group>"; };
		AB5E62A51A85F77F00AA989D /* Images.xcassets */ = {isa = PBXFileReference; lastKnownFileType = folder.assetcatalog; path = Images.xcassets; sourceTree = "<group>"; };
		AB5E62A81A85F77F00AA989D /* Base */ = {isa = PBXFileReference; lastKnownFileType = file.xib; name = Base; path = Base.lproj/LaunchScreen.xib; sourceTree = "<group>"; };
		AB5E62AE1A85F77F00AA989D /* SpinningRefreshControlTests.xctest */ = {isa = PBXFileReference; explicitFileType = wrapper.cfbundle; includeInIndex = 0; path = SpinningRefreshControlTests.xctest; sourceTree = BUILT_PRODUCTS_DIR; };
		AB5E62B31A85F77F00AA989D /* Info.plist */ = {isa = PBXFileReference; lastKnownFileType = text.plist.xml; path = Info.plist; sourceTree = "<group>"; };
		AB5E62B41A85F77F00AA989D /* SpinningRefreshControlTests.swift */ = {isa = PBXFileReference; lastKnownFileType = sourcecode.swift; path = SpinningRefreshControlTests.swift; sourceTree = "<group>"; };
		AB5E62BE1A85F79400AA989D /* SpinningRefreshControl.swift */ = {isa = PBXFileReference; fileEncoding = 4; lastKnownFileType = sourcecode.swift; path = SpinningRefreshControl.swift; sourceTree = "<group>"; };
/* End PBXFileReference section */

/* Begin PBXFrameworksBuildPhase section */
		AB5E62961A85F77F00AA989D /* Frameworks */ = {
			isa = PBXFrameworksBuildPhase;
			buildActionMask = 2147483647;
			files = (
			);
			runOnlyForDeploymentPostprocessing = 0;
		};
		AB5E62AB1A85F77F00AA989D /* Frameworks */ = {
			isa = PBXFrameworksBuildPhase;
			buildActionMask = 2147483647;
			files = (
			);
			runOnlyForDeploymentPostprocessing = 0;
		};
/* End PBXFrameworksBuildPhase section */

/* Begin PBXGroup section */
		AB5E62901A85F77F00AA989D = {
			isa = PBXGroup;
			children = (
				AB5E629B1A85F77F00AA989D /* SpinningRefreshControl */,
				AB5E62B11A85F77F00AA989D /* SpinningRefreshControlTests */,
				AB5E629A1A85F77F00AA989D /* Products */,
			);
			sourceTree = "<group>";
		};
		AB5E629A1A85F77F00AA989D /* Products */ = {
			isa = PBXGroup;
			children = (
				AB5E62991A85F77F00AA989D /* SpinningRefreshControl.app */,
				AB5E62AE1A85F77F00AA989D /* SpinningRefreshControlTests.xctest */,
			);
			name = Products;
			sourceTree = "<group>";
		};
		AB5E629B1A85F77F00AA989D /* SpinningRefreshControl */ = {
			isa = PBXGroup;
			children = (
				AB5E629E1A85F77F00AA989D /* AppDelegate.swift */,
				AB5E62A01A85F77F00AA989D /* ViewController.swift */,
				AB5E62A21A85F77F00AA989D /* Main.storyboard */,
				AB5E62A51A85F77F00AA989D /* Images.xcassets */,
				AB5E62A71A85F77F00AA989D /* LaunchScreen.xib */,
				AB5E629C1A85F77F00AA989D /* Supporting Files */,
				AB5E62BE1A85F79400AA989D /* SpinningRefreshControl.swift */,
			);
			path = SpinningRefreshControl;
			sourceTree = "<group>";
		};
		AB5E629C1A85F77F00AA989D /* Supporting Files */ = {
			isa = PBXGroup;
			children = (
				AB5E629D1A85F77F00AA989D /* Info.plist */,
			);
			name = "Supporting Files";
			sourceTree = "<group>";
		};
		AB5E62B11A85F77F00AA989D /* SpinningRefreshControlTests */ = {
			isa = PBXGroup;
			children = (
				AB5E62B41A85F77F00AA989D /* SpinningRefreshControlTests.swift */,
				AB5E62B21A85F77F00AA989D /* Supporting Files */,
			);
			path = SpinningRefreshControlTests;
			sourceTree = "<group>";
		};
		AB5E62B21A85F77F00AA989D /* Supporting Files */ = {
			isa = PBXGroup;
			children = (
				AB5E62B31A85F77F00AA989D /* Info.plist */,
			);
			name = "Supporting Files";
			sourceTree = "<group>";
		};
/* End PBXGroup section */

/* Begin PBXNativeTarget section */
		AB5E62981A85F77F00AA989D /* SpinningRefreshControl */ = {
			isa = PBXNativeTarget;
			buildConfigurationList = AB5E62B81A85F77F00AA989D /* Build configuration list for PBXNativeTarget "SpinningRefreshControl" */;
			buildPhases = (
				AB5E62951A85F77F00AA989D /* Sources */,
				AB5E62961A85F77F00AA989D /* Frameworks */,
				AB5E62971A85F77F00AA989D /* Resources */,
			);
			buildRules = (
			);
			dependencies = (
			);
			name = SpinningRefreshControl;
			productName = SpinningRefreshControl;
			productReference = AB5E62991A85F77F00AA989D /* SpinningRefreshControl.app */;
			productType = "com.apple.product-type.application";
		};
		AB5E62AD1A85F77F00AA989D /* SpinningRefreshControlTests */ = {
			isa = PBXNativeTarget;
			buildConfigurationList = AB5E62BB1A85F77F00AA989D /* Build configuration list for PBXNativeTarget "SpinningRefreshControlTests" */;
			buildPhases = (
				AB5E62AA1A85F77F00AA989D /* Sources */,
				AB5E62AB1A85F77F00AA989D /* Frameworks */,
				AB5E62AC1A85F77F00AA989D /* Resources */,
			);
			buildRules = (
			);
			dependencies = (
				AB5E62B01A85F77F00AA989D /* PBXTargetDependency */,
			);
			name = SpinningRefreshControlTests;
			productName = SpinningRefreshControlTests;
			productReference = AB5E62AE1A85F77F00AA989D /* SpinningRefreshControlTests.xctest */;
			productType = "com.apple.product-type.bundle.unit-test";
		};
/* End PBXNativeTarget section */

/* Begin PBXProject section */
		AB5E62911A85F77F00AA989D /* Project object */ = {
			isa = PBXProject;
			attributes = {
				LastUpgradeCheck = 0610;
				ORGANIZATIONNAME = "Konstantin Kabanov";
				TargetAttributes = {
					AB5E62981A85F77F00AA989D = {
						CreatedOnToolsVersion = 6.1.1;
					};
					AB5E62AD1A85F77F00AA989D = {
						CreatedOnToolsVersion = 6.1.1;
						TestTargetID = AB5E62981A85F77F00AA989D;
					};
				};
			};
			buildConfigurationList = AB5E62941A85F77F00AA989D /* Build configuration list for PBXProject "SpinningRefreshControl" */;
			compatibilityVersion = "Xcode 3.2";
			developmentRegion = English;
			hasScannedForEncodings = 0;
			knownRegions = (
				en,
				Base,
			);
			mainGroup = AB5E62901A85F77F00AA989D;
			productRefGroup = AB5E629A1A85F77F00AA989D /* Products */;
			projectDirPath = "";
			projectRoot = "";
			targets = (
				AB5E62981A85F77F00AA989D /* SpinningRefreshControl */,
				AB5E62AD1A85F77F00AA989D /* SpinningRefreshControlTests */,
			);
		};
/* End PBXProject section */

/* Begin PBXResourcesBuildPhase section */
		AB5E62971A85F77F00AA989D /* Resources */ = {
			isa = PBXResourcesBuildPhase;
			buildActionMask = 2147483647;
			files = (
				AB5E62A41A85F77F00AA989D /* Main.storyboard in Resources */,
				AB5E62A91A85F77F00AA989D /* LaunchScreen.xib in Resources */,
				AB5E62A61A85F77F00AA989D /* Images.xcassets in Resources */,
			);
			runOnlyForDeploymentPostprocessing = 0;
		};
		AB5E62AC1A85F77F00AA989D /* Resources */ = {
			isa = PBXResourcesBuildPhase;
			buildActionMask = 2147483647;
			files = (
			);
			runOnlyForDeploymentPostprocessing = 0;
		};
/* End PBXResourcesBuildPhase section */

/* Begin PBXSourcesBuildPhase section */
		AB5E62951A85F77F00AA989D /* Sources */ = {
			isa = PBXSourcesBuildPhase;
			buildActionMask = 2147483647;
			files = (
				AB5E62A11A85F77F00AA989D /* ViewController.swift in Sources */,
				AB5E629F1A85F77F00AA989D /* AppDelegate.swift in Sources */,
				AB5E62BF1A85F79400AA989D /* SpinningRefreshControl.swift in Sources */,
			);
			runOnlyForDeploymentPostprocessing = 0;
		};
		AB5E62AA1A85F77F00AA989D /* Sources */ = {
			isa = PBXSourcesBuildPhase;
			buildActionMask = 2147483647;
			files = (
				AB5E62B51A85F77F00AA989D /* SpinningRefreshControlTests.swift in Sources */,
			);
			runOnlyForDeploymentPostprocessing = 0;
		};
/* End PBXSourcesBuildPhase section */

/* Begin PBXTargetDependency section */
		AB5E62B01A85F77F00AA989D /* PBXTargetDependency */ = {
			isa = PBXTargetDependency;
			target = AB5E62981A85F77F00AA989D /* SpinningRefreshControl */;
			targetProxy = AB5E62AF1A85F77F00AA989D /* PBXContainerItemProxy */;
		};
/* End PBXTargetDependency section */

/* Begin PBXVariantGroup section */
		AB5E62A21A85F77F00AA989D /* Main.storyboard */ = {
			isa = PBXVariantGroup;
			children = (
				AB5E62A31A85F77F00AA989D /* Base */,
			);
			name = Main.storyboard;
			sourceTree = "<group>";
		};
		AB5E62A71A85F77F00AA989D /* LaunchScreen.xib */ = {
			isa = PBXVariantGroup;
			children = (
				AB5E62A81A85F77F00AA989D /* Base */,
			);
			name = LaunchScreen.xib;
			sourceTree = "<group>";
		};
/* End PBXVariantGroup section */

/* Begin XCBuildConfiguration section */
		AB5E62B61A85F77F00AA989D /* Debug */ = {
			isa = XCBuildConfiguration;
			buildSettings = {
				ALWAYS_SEARCH_USER_PATHS = NO;
				CLANG_CXX_LANGUAGE_STANDARD = "gnu++0x";
				CLANG_CXX_LIBRARY = "libc++";
				CLANG_ENABLE_MODULES = YES;
				CLANG_ENABLE_OBJC_ARC = YES;
				CLANG_WARN_BOOL_CONVERSION = YES;
				CLANG_WARN_CONSTANT_CONVERSION = YES;
				CLANG_WARN_DIRECT_OBJC_ISA_USAGE = YES_ERROR;
				CLANG_WARN_EMPTY_BODY = YES;
				CLANG_WARN_ENUM_CONVERSION = YES;
				CLANG_WARN_INT_CONVERSION = YES;
				CLANG_WARN_OBJC_ROOT_CLASS = YES_ERROR;
				CLANG_WARN_UNREACHABLE_CODE = YES;
				CLANG_WARN__DUPLICATE_METHOD_MATCH = YES;
				"CODE_SIGN_IDENTITY[sdk=iphoneos*]" = "iPhone Developer";
				COPY_PHASE_STRIP = NO;
				ENABLE_STRICT_OBJC_MSGSEND = YES;
				GCC_C_LANGUAGE_STANDARD = gnu99;
				GCC_DYNAMIC_NO_PIC = NO;
				GCC_OPTIMIZATION_LEVEL = 0;
				GCC_PREPROCESSOR_DEFINITIONS = (
					"DEBUG=1",
					"$(inherited)",
				);
				GCC_SYMBOLS_PRIVATE_EXTERN = NO;
				GCC_WARN_64_TO_32_BIT_CONVERSION = YES;
				GCC_WARN_ABOUT_RETURN_TYPE = YES_ERROR;
				GCC_WARN_UNDECLARED_SELECTOR = YES;
				GCC_WARN_UNINITIALIZED_AUTOS = YES_AGGRESSIVE;
				GCC_WARN_UNUSED_FUNCTION = YES;
				GCC_WARN_UNUSED_VARIABLE = YES;
				IPHONEOS_DEPLOYMENT_TARGET = 8.1;
				MTL_ENABLE_DEBUG_INFO = YES;
				ONLY_ACTIVE_ARCH = YES;
				SDKROOT = iphoneos;
				SWIFT_OPTIMIZATION_LEVEL = "-Onone";
			};
			name = Debug;
		};
		AB5E62B71A85F77F00AA989D /* Release */ = {
			isa = XCBuildConfiguration;
			buildSettings = {
				ALWAYS_SEARCH_USER_PATHS = NO;
				CLANG_CXX_LANGUAGE_STANDARD = "gnu++0x";
				CLANG_CXX_LIBRARY = "libc++";
				CLANG_ENABLE_MODULES = YES;
				CLANG_ENABLE_OBJC_ARC = YES;
				CLANG_WARN_BOOL_CONVERSION = YES;
				CLANG_WARN_CONSTANT_CONVERSION = YES;
				CLANG_WARN_DIRECT_OBJC_ISA_USAGE = YES_ERROR;
				CLANG_WARN_EMPTY_BODY = YES;
				CLANG_WARN_ENUM_CONVERSION = YES;
				CLANG_WARN_INT_CONVERSION = YES;
				CLANG_WARN_OBJC_ROOT_CLASS = YES_ERROR;
				CLANG_WARN_UNREACHABLE_CODE = YES;
				CLANG_WARN__DUPLICATE_METHOD_MATCH = YES;
				"CODE_SIGN_IDENTITY[sdk=iphoneos*]" = "iPhone Developer";
				COPY_PHASE_STRIP = YES;
				ENABLE_NS_ASSERTIONS = NO;
				ENABLE_STRICT_OBJC_MSGSEND = YES;
				GCC_C_LANGUAGE_STANDARD = gnu99;
				GCC_WARN_64_TO_32_BIT_CONVERSION = YES;
				GCC_WARN_ABOUT_RETURN_TYPE = YES_ERROR;
				GCC_WARN_UNDECLARED_SELECTOR = YES;
				GCC_WARN_UNINITIALIZED_AUTOS = YES_AGGRESSIVE;
				GCC_WARN_UNUSED_FUNCTION = YES;
				GCC_WARN_UNUSED_VARIABLE = YES;
				IPHONEOS_DEPLOYMENT_TARGET = 8.1;
				MTL_ENABLE_DEBUG_INFO = NO;
				SDKROOT = iphoneos;
				VALIDATE_PRODUCT = YES;
			};
			name = Release;
		};
		AB5E62B91A85F77F00AA989D /* Debug */ = {
			isa = XCBuildConfiguration;
			buildSettings = {
				ASSETCATALOG_COMPILER_APPICON_NAME = AppIcon;
				INFOPLIST_FILE = SpinningRefreshControl/Info.plist;
				LD_RUNPATH_SEARCH_PATHS = "$(inherited) @executable_path/Frameworks";
				PRODUCT_NAME = "$(TARGET_NAME)";
			};
			name = Debug;
		};
		AB5E62BA1A85F77F00AA989D /* Release */ = {
			isa = XCBuildConfiguration;
			buildSettings = {
				ASSETCATALOG_COMPILER_APPICON_NAME = AppIcon;
				INFOPLIST_FILE = SpinningRefreshControl/Info.plist;
				LD_RUNPATH_SEARCH_PATHS = "$(inherited) @executable_path/Frameworks";
				PRODUCT_NAME = "$(TARGET_NAME)";
			};
			name = Release;
		};
		AB5E62BC1A85F77F00AA989D /* Debug */ = {
			isa = XCBuildConfiguration;
			buildSettings = {
				BUNDLE_LOADER = "$(TEST_HOST)";
				FRAMEWORK_SEARCH_PATHS = (
					"$(SDKROOT)/Developer/Library/Frameworks",
					"$(inherited)",
				);
				GCC_PREPROCESSOR_DEFINITIONS = (
					"DEBUG=1",
					"$(inherited)",
				);
				INFOPLIST_FILE = SpinningRefreshControlTests/Info.plist;
				LD_RUNPATH_SEARCH_PATHS = "$(inherited) @executable_path/Frameworks @loader_path/Frameworks";
				PRODUCT_NAME = "$(TARGET_NAME)";
				TEST_HOST = "$(BUILT_PRODUCTS_DIR)/SpinningRefreshControl.app/SpinningRefreshControl";
			};
			name = Debug;
		};
		AB5E62BD1A85F77F00AA989D /* Release */ = {
			isa = XCBuildConfiguration;
			buildSettings = {
				BUNDLE_LOADER = "$(TEST_HOST)";
				FRAMEWORK_SEARCH_PATHS = (
					"$(SDKROOT)/Developer/Library/Frameworks",
					"$(inherited)",
				);
				INFOPLIST_FILE = SpinningRefreshControlTests/Info.plist;
				LD_RUNPATH_SEARCH_PATHS = "$(inherited) @executable_path/Frameworks @loader_path/Frameworks";
				PRODUCT_NAME = "$(TARGET_NAME)";
				TEST_HOST = "$(BUILT_PRODUCTS_DIR)/SpinningRefreshControl.app/SpinningRefreshControl";
			};
			name = Release;
		};
/* End XCBuildConfiguration section */

/* Begin XCConfigurationList section */
		AB5E62941A85F77F00AA989D /* Build configuration list for PBXProject "SpinningRefreshControl" */ = {
			isa = XCConfigurationList;
			buildConfigurations = (
				AB5E62B61A85F77F00AA989D /* Debug */,
				AB5E62B71A85F77F00AA989D /* Release */,
			);
			defaultConfigurationIsVisible = 0;
			defaultConfigurationName = Release;
		};
		AB5E62B81A85F77F00AA989D /* Build configuration list for PBXNativeTarget "SpinningRefreshControl" */ = {
			isa = XCConfigurationList;
			buildConfigurations = (
				AB5E62B91A85F77F00AA989D /* Debug */,
				AB5E62BA1A85F77F00AA989D /* Release */,
			);
			defaultConfigurationIsVisible = 0;
		};
		AB5E62BB1A85F77F00AA989D /* Build configuration list for PBXNativeTarget "SpinningRefreshControlTests" */ = {
			isa = XCConfigurationList;
			buildConfigurations = (
				AB5E62BC1A85F77F00AA989D /* Debug */,
				AB5E62BD1A85F77F00AA989D /* Release */,
			);
			defaultConfigurationIsVisible = 0;
		};
/* End XCConfigurationList section */
	};
	rootObject = AB5E62911A85F77F00AA989D /* Project object */;
}
